
Microsoft Visual Studio Solution File, Format Version 12.00
# Visual Studio Version 16
VisualStudioVersion = 16.0.30717.126
MinimumVisualStudioVersion = 10.0.40219.1
Project("{8BC9CEB8-8B4A-11D0-8D11-00A0C91BC942}") = "inverted_multi_index", "inverted_multi_index.vcxproj", "{4E5CE7EF-41AC-418B-B7ED-A87B5E65942F}"
EndProject
Project("{8BC9CEB8-8B4A-11D0-8D11-00A0C91BC942}") = "inverted_multi_index_test", "inverted_multi_index_test\inverted_multi_index_test.vcxproj", "{C8FBEC72-A0F1-49B5-B733-598B0A085E1B}"
EndProject
Global
	GlobalSection(SolutionConfigurationPlatforms) = preSolution
		Debug|x64 = Debug|x64
		Debug|x86 = Debug|x86
		Release|x64 = Release|x64
		Release|x86 = Release|x86
	EndGlobalSection
	GlobalSection(ProjectConfigurationPlatforms) = postSolution
		{4E5CE7EF-41AC-418B-B7ED-A87B5E65942F}.Debug|x64.ActiveCfg = Debug|x64
		{4E5CE7EF-41AC-418B-B7ED-A87B5E65942F}.Debug|x64.Build.0 = Debug|x64
		{4E5CE7EF-41AC-418B-B7ED-A87B5E65942F}.Debug|x86.ActiveCfg = Debug|Win32
		{4E5CE7EF-41AC-418B-B7ED-A87B5E65942F}.Debug|x86.Build.0 = Debug|Win32
		{4E5CE7EF-41AC-418B-B7ED-A87B5E65942F}.Release|x64.ActiveCfg = Release|x64
		{4E5CE7EF-41AC-418B-B7ED-A87B5E65942F}.Release|x64.Build.0 = Release|x64
		{4E5CE7EF-41AC-418B-B7ED-A87B5E65942F}.Release|x86.ActiveCfg = Release|Win32
		{4E5CE7EF-41AC-418B-B7ED-A87B5E65942F}.Release|x86.Build.0 = Release|Win32
		{C8FBEC72-A0F1-49B5-B733-598B0A085E1B}.Debug|x64.ActiveCfg = Debug|x64
		{C8FBEC72-A0F1-49B5-B733-598B0A085E1B}.Debug|x64.Build.0 = Debug|x64
		{C8FBEC72-A0F1-49B5-B733-598B0A085E1B}.Debug|x86.ActiveCfg = Debug|Win32
		{C8FBEC72-A0F1-49B5-B733-598B0A085E1B}.Debug|x86.Build.0 = Debug|Win32
		{C8FBEC72-A0F1-49B5-B733-598B0A085E1B}.Release|x64.ActiveCfg = Release|x64
		{C8FBEC72-A0F1-49B5-B733-598B0A085E1B}.Release|x64.Build.0 = Release|x64
		{C8FBEC72-A0F1-49B5-B733-598B0A085E1B}.Release|x86.ActiveCfg = Release|Win32
		{C8FBEC72-A0F1-49B5-B733-598B0A085E1B}.Release|x86.Build.0 = Release|Win32
	EndGlobalSection
	GlobalSection(SolutionProperties) = preSolution
		HideSolutionNode = FALSE
	EndGlobalSection
	GlobalSection(ExtensibilityGlobals) = postSolution
		SolutionGuid = {DB93516A-2BB2-46C4-9A9F-EEA073450781}
	EndGlobalSection
EndGlobal
